github.com/andygeiss/assert v0.0.9/go.mod h1:fCwXr8GkRVuJWDwiCS73+NTcHXyhQSx4uqV/0Fl5T3g=
github.com/andygeiss/ecs v0.0.68/go.mod h1:KG02Zz0oranMDsD/itrLWXyQ0pBg2G6hOmQWe7iz4u0=
github.com/andygeiss/ecs v0.1.0 h1:AWpj4PznWwDaQV7+3za9+NRu3sLIqmoJHs9+6AHbPoc=
github.com/andygeiss/ecs v0.1.0/go.mod h1:fYhR+5HQWcdQxpmCwt/OeQ2BjJb9ZU8eFI+t91pGCjc=
github.com/andygeiss/ecs/_examples v0.0.0-20220823082452-81640cf71c2b h1:9O8Cuq24kZisDavMoyfkPEFYdrrd0yr38CwHMJlNEaM=
github.com/andygeiss/ecs/_examples v0.0.0-20220823082452-81640cf71c2b/go.mod h1:qytz69eolc1i4HXqrd5ld1xoQ+c21Od1iYJH7CSvulU=
github.com/andygeiss/utils v0.1.1 h1:+mUz6cqZRyNRJGKdMkA45g9wc5ijWtaDQTl8cw2CaG4=
github.com/buger/goterm v0.0.0-20200322175922-2f3e71b85129/go.mod h1:u9UyCz2eTrSGy6fbupqJ54eY5c4IC8gREQ1053dK12U=
github.com/buger/goterm v1.0.4 h1:Z9YvGmOih81P0FbVtEYTFF6YsSgxSUKEhf/f9bTMXbY=
github.com/buger/goterm v1.0.4/go.mod h1:HiFWV3xnkolgrBV3mY8m0X0Pumt4zg4QhbdOzQtB8tE=
github.com/veandco/go-sdl2 v0.4.4/go.mod h1:FB+kTpX9YTE+urhYiClnRzpOXbiWgaU3+5F2AB78DPg=
github.com/veandco/go-sdl2 v0.4.25 h1:J5ac3KKOccp/0xGJA1PaNYKPUcZm19IxhDGs8lJofPI=
github.com/veandco/go-sdl2 v0.4.25/go.mod h1:OROqMhHD43nT4/i9crJukyVecjPNYYuCofep6SNiAjY=
golang.org/x/sys v0.0.0-20200625212154-ddb9806d33ae/go.mod h1:h1NjWce9XRLGQEsW7wpKNCjG9DtNlClVuFLEZdDNbEs=
golang.org/x/sys v0.0.0-20210331175145-43e1dd70ce54 h1:rF3Ohx8DRyl8h2zw9qojyLHLhrJpEMgyPOImREEryf0=
golang.org/x/sys v0.0.0-20210331175145-43e1dd70ce54/go.mod h1:h1NjWce9XRLGQEsW7wpKNCjG9DtNlClVuFLEZdDNbEs=
